
Microsoft Visual Studio Solution File, Format Version 12.00
# Visual Studio Version 16
VisualStudioVersion = 16.0.32630.194
MinimumVisualStudioVersion = 10.0.40219.1
Project("{9A19103F-16F7-4668-BE54-9A1E7A4F7556}") = "tallerGusDemo", "tallerGusDemo\tallerGusDemo.csproj", "{42BA9179-CF12-42C4-8AC3-6D1B949C3FD9}"
EndProject
Project("{00D1A9C2-B5F0-4AF3-8072-F6C62B433612}") = "tallerGusDB", "tallerGusDB\tallerGusDB.sqlproj", "{9CD086DE-BE46-4A91-AC15-706F46F6BD17}"
EndProject
Global
	GlobalSection(SolutionConfigurationPlatforms) = preSolution
		Debug|Any CPU = Debug|Any CPU
		Release|Any CPU = Release|Any CPU
	EndGlobalSection
	GlobalSection(ProjectConfigurationPlatforms) = postSolution
		{42BA9179-CF12-42C4-8AC3-6D1B949C3FD9}.Debug|Any CPU.ActiveCfg = Debug|Any CPU
		{42BA9179-CF12-42C4-8AC3-6D1B949C3FD9}.Debug|Any CPU.Build.0 = Debug|Any CPU
		{42BA9179-CF12-42C4-8AC3-6D1B949C3FD9}.Release|Any CPU.ActiveCfg = Release|Any CPU
		{42BA9179-CF12-42C4-8AC3-6D1B949C3FD9}.Release|Any CPU.Build.0 = Release|Any CPU
		{9CD086DE-BE46-4A91-AC15-706F46F6BD17}.Debug|Any CPU.ActiveCfg = Debug|Any CPU
		{9CD086DE-BE46-4A91-AC15-706F46F6BD17}.Debug|Any CPU.Build.0 = Debug|Any CPU
		{9CD086DE-BE46-4A91-AC15-706F46F6BD17}.Debug|Any CPU.Deploy.0 = Debug|Any CPU
		{9CD086DE-BE46-4A91-AC15-706F46F6BD17}.Release|Any CPU.ActiveCfg = Release|Any CPU
		{9CD086DE-BE46-4A91-AC15-706F46F6BD17}.Release|Any CPU.Build.0 = Release|Any CPU
		{9CD086DE-BE46-4A91-AC15-706F46F6BD17}.Release|Any CPU.Deploy.0 = Release|Any CPU
	EndGlobalSection
	GlobalSection(SolutionProperties) = preSolution
		HideSolutionNode = FALSE
	EndGlobalSection
	GlobalSection(ExtensibilityGlobals) = postSolution
		SolutionGuid = {2AEBFA46-6F8F-4466-889C-98DDA1201963}
	EndGlobalSection
EndGlobal
